// !$*UTF8*$!
{
	archiveVersion = 1;
	classes = {
	};
	objectVersion = 77;
	objects = {

/* Begin PBXContainerItemProxy section */
		5DD55A1D2E3C543800B50015 /* PBXContainerItemProxy */ = {
			isa = PBXContainerItemProxy;
			containerPortal = 5DD55A022E3C543700B50015 /* Project object */;
			proxyType = 1;
			remoteGlobalIDString = 5DD55A092E3C543700B50015;
			remoteInfo = hsappsoccer;
		};
		5DD55A272E3C543800B50015 /* PBXContainerItemProxy */ = {
			isa = PBXContainerItemProxy;
			containerPortal = 5DD55A022E3C543700B50015 /* Project object */;
			proxyType = 1;
			remoteGlobalIDString = 5DD55A092E3C543700B50015;
			remoteInfo = hsappsoccer;
		};
/* End PBXContainerItemProxy section */

/* Begin PBXFileReference section */
		5DD55A0A2E3C543700B50015 /* hsappsoccer.app */ = {isa = PBXFileReference; explicitFileType = wrapper.application; includeInIndex = 0; path = hsappsoccer.app; sourceTree = BUILT_PRODUCTS_DIR; };
		5DD55A1C2E3C543800B50015 /* hsappsoccerTests.xctest */ = {isa = PBXFileReference; explicitFileType = wrapper.cfbundle; includeInIndex = 0; path = hsappsoccerTests.xctest; sourceTree = BUILT_PRODUCTS_DIR; };
		5DD55A262E3C543800B50015 /* hsappsoccerUITests.xctest */ = {isa = PBXFileReference; explicitFileType = wrapper.cfbundle; includeInIndex = 0; path = hsappsoccerUITests.xctest; sourceTree = BUILT_PRODUCTS_DIR; };
/* End PBXFileReference section */

/* Begin PBXFileSystemSynchronizedRootGroup section */
		5DD55A0C2E3C543700B50015 /* hsappsoccer */ = {
			isa = PBXFileSystemSynchronizedRootGroup;
			path = hsappsoccer;
			sourceTree = "<group>";
		};
		5DD55A1F2E3C543800B50015 /* hsappsoccerTests */ = {
			isa = PBXFileSystemSynchronizedRootGroup;
			path = hsappsoccerTests;
			sourceTree = "<group>";
		};
		5DD55A292E3C543800B50015 /* hsappsoccerUITests */ = {
			isa = PBXFileSystemSynchronizedRootGroup;
			path = hsappsoccerUITests;
			sourceTree = "<group>";
		};
/* End PBXFileSystemSynchronizedRootGroup section */

/* Begin PBXFrameworksBuildPhase section */
		5DD55A072E3C543700B50015 /* Frameworks */ = {
			isa = PBXFrameworksBuildPhase;
			buildActionMask = 2147483647;
			files = (
			);
			runOnlyForDeploymentPostprocessing = 0;
		};
		5DD55A192E3C543800B50015 /* Frameworks */ = {
			isa = PBXFrameworksBuildPhase;
			buildActionMask = 2147483647;
			files = (
			);
			runOnlyForDeploymentPostprocessing = 0;
		};
		5DD55A232E3C543800B50015 /* Frameworks */ = {
			isa = PBXFrameworksBuildPhase;
			buildActionMask = 2147483647;
			files = (
			);
			runOnlyForDeploymentPostprocessing = 0;
		};
/* End PBXFrameworksBuildPhase section */

/* Begin PBXGroup section */
		5DD55A012E3C543700B50015 = {
			isa = PBXGroup;
			children = (
				5DD55A0C2E3C543700B50015 /* hsappsoccer */,
				5DD55A1F2E3C543800B50015 /* hsappsoccerTests */,
				5DD55A292E3C543800B50015 /* hsappsoccerUITests */,
				5DD55A0B2E3C543700B50015 /* Products */,
			);
			sourceTree = "<group>";
		};
		5DD55A0B2E3C543700B50015 /* Products */ = {
			isa = PBXGroup;
			children = (
				5DD55A0A2E3C543700B50015 /* hsappsoccer.app */,
				5DD55A1C2E3C543800B50015 /* hsappsoccerTests.xctest */,
				5DD55A262E3C543800B50015 /* hsappsoccerUITests.xctest */,
			);
			name = Products;
			sourceTree = "<group>";
		};
/* End PBXGroup section */

/* Begin PBXNativeTarget section */
		5DD55A092E3C543700B50015 /* hsappsoccer */ = {
			isa = PBXNativeTarget;
			buildConfigurationList = 5DD55A302E3C543800B50015 /* Build configuration list for PBXNativeTarget "hsappsoccer" */;
			buildPhases = (
				5DD55A062E3C543700B50015 /* Sources */,
				5DD55A072E3C543700B50015 /* Frameworks */,
				5DD55A082E3C543700B50015 /* Resources */,
			);
			buildRules = (
			);
			dependencies = (
			);
			fileSystemSynchronizedGroups = (
				5DD55A0C2E3C543700B50015 /* hsappsoccer */,
			);
			name = hsappsoccer;
			packageProductDependencies = (
			);
			productName = hsappsoccer;
			productReference = 5DD55A0A2E3C543700B50015 /* hsappsoccer.app */;
			productType = "com.apple.product-type.application";
		};
		5DD55A1B2E3C543800B50015 /* hsappsoccerTests */ = {
			isa = PBXNativeTarget;
			buildConfigurationList = 5DD55A332E3C543800B50015 /* Build configuration list for PBXNativeTarget "hsappsoccerTests" */;
			buildPhases = (
				5DD55A182E3C543800B50015 /* Sources */,
				5DD55A192E3C543800B50015 /* Frameworks */,
				5DD55A1A2E3C543800B50015 /* Resources */,
			);
			buildRules = (
			);
			dependencies = (
				5DD55A1E2E3C543800B50015 /* PBXTargetDependency */,
			);
			fileSystemSynchronizedGroups = (
				5DD55A1F2E3C543800B50015 /* hsappsoccerTests */,
			);
			name = hsappsoccerTests;
			packageProductDependencies = (
			);
			productName = hsappsoccerTests;
			productReference = 5DD55A1C2E3C543800B50015 /* hsappsoccerTests.xctest */;
			productType = "com.apple.product-type.bundle.unit-test";
		};
		5DD55A252E3C543800B50015 /* hsappsoccerUITests */ = {
			isa = PBXNativeTarget;
			buildConfigurationList = 5DD55A362E3C543800B50015 /* Build configuration list for PBXNativeTarget "hsappsoccerUITests" */;
			buildPhases = (
				5DD55A222E3C543800B50015 /* Sources */,
				5DD55A232E3C543800B50015 /* Frameworks */,
				5DD55A242E3C543800B50015 /* Resources */,
			);
			buildRules = (
			);
			dependencies = (
				5DD55A282E3C543800B50015 /* PBXTargetDependency */,
			);
			fileSystemSynchronizedGroups = (
				5DD55A292E3C543800B50015 /* hsappsoccerUITests */,
			);
			name = hsappsoccerUITests;
			packageProductDependencies = (
			);
			productName = hsappsoccerUITests;
			productReference = 5DD55A262E3C543800B50015 /* hsappsoccerUITests.xctest */;
			productType = "com.apple.product-type.bundle.ui-testing";
		};
/* End PBXNativeTarget section */

/* Begin PBXProject section */
		5DD55A022E3C543700B50015 /* Project object */ = {
			isa = PBXProject;
			attributes = {
				BuildIndependentTargetsInParallel = 1;
				LastSwiftUpdateCheck = 1620;
				LastUpgradeCheck = 1620;
				TargetAttributes = {
					5DD55A092E3C543700B50015 = {
						CreatedOnToolsVersion = 16.2;
					};
					5DD55A1B2E3C543800B50015 = {
						CreatedOnToolsVersion = 16.2;
						TestTargetID = 5DD55A092E3C543700B50015;
					};
					5DD55A252E3C543800B50015 = {
						CreatedOnToolsVersion = 16.2;
						TestTargetID = 5DD55A092E3C543700B50015;
					};
				};
			};
			buildConfigurationList = 5DD55A052E3C543700B50015 /* Build configuration list for PBXProject "hsappsoccer" */;
			developmentRegion = en;
			hasScannedForEncodings = 0;
			knownRegions = (
				en,
				Base,
			);
			mainGroup = 5DD55A012E3C543700B50015;
			minimizedProjectReferenceProxies = 1;
			preferredProjectObjectVersion = 77;
			productRefGroup = 5DD55A0B2E3C543700B50015 /* Products */;
			projectDirPath = "";
			projectRoot = "";
			targets = (
				5DD55A092E3C543700B50015 /* hsappsoccer */,
				5DD55A1B2E3C543800B50015 /* hsappsoccerTests */,
				5DD55A252E3C543800B50015 /* hsappsoccerUITests */,
			);
		};
/* End PBXProject section */

/* Begin PBXResourcesBuildPhase section */
		5DD55A082E3C543700B50015 /* Resources */ = {
			isa = PBXResourcesBuildPhase;
			buildActionMask = 2147483647;
			files = (
			);
			runOnlyForDeploymentPostprocessing = 0;
		};
		5DD55A1A2E3C543800B50015 /* Resources */ = {
			isa = PBXResourcesBuildPhase;
			buildActionMask = 2147483647;
			files = (
			);
			runOnlyForDeploymentPostprocessing = 0;
		};
		5DD55A242E3C543800B50015 /* Resources */ = {
			isa = PBXResourcesBuildPhase;
			buildActionMask = 2147483647;
			files = (
			);
			runOnlyForDeploymentPostprocessing = 0;
		};
/* End PBXResourcesBuildPhase section */

/* Begin PBXSourcesBuildPhase section */
		5DD55A062E3C543700B50015 /* Sources */ = {
			isa = PBXSourcesBuildPhase;
			buildActionMask = 2147483647;
			files = (
			);
			runOnlyForDeploymentPostprocessing = 0;
		};
		5DD55A182E3C543800B50015 /* Sources */ = {
			isa = PBXSourcesBuildPhase;
			buildActionMask = 2147483647;
			files = (
			);
			runOnlyForDeploymentPostprocessing = 0;
		};
		5DD55A222E3C543800B50015 /* Sources */ = {
			isa = PBXSourcesBuildPhase;
			buildActionMask = 2147483647;
			files = (
			);
			runOnlyForDeploymentPostprocessing = 0;
		};
/* End PBXSourcesBuildPhase section */

/* Begin PBXTargetDependency section */
		5DD55A1E2E3C543800B50015 /* PBXTargetDependency */ = {
			isa = PBXTargetDependency;
			target = 5DD55A092E3C543700B50015 /* hsappsoccer */;
			targetProxy = 5DD55A1D2E3C543800B50015 /* PBXContainerItemProxy */;
		};
		5DD55A282E3C543800B50015 /* PBXTargetDependency */ = {
			isa = PBXTargetDependency;
			target = 5DD55A092E3C543700B50015 /* hsappsoccer */;
			targetProxy = 5DD55A272E3C543800B50015 /* PBXContainerItemProxy */;
		};
/* End PBXTargetDependency section */

/* Begin XCBuildConfiguration section */
		5DD55A2E2E3C543800B50015 /* Debug */ = {
			isa = XCBuildConfiguration;
			buildSettings = {
				ALWAYS_SEARCH_USER_PATHS = NO;
				ASSETCATALOG_COMPILER_GENERATE_SWIFT_ASSET_SYMBOL_EXTENSIONS = YES;
				CLANG_ANALYZER_NONNULL = YES;
				CLANG_ANALYZER_NUMBER_OBJECT_CONVERSION = YES_AGGRESSIVE;
				CLANG_CXX_LANGUAGE_STANDARD = "gnu++20";
				CLANG_ENABLE_MODULES = YES;
				CLANG_ENABLE_OBJC_ARC = YES;
				CLANG_ENABLE_OBJC_WEAK = YES;
				CLANG_WARN_BLOCK_CAPTURE_AUTORELEASING = YES;
				CLANG_WARN_BOOL_CONVERSION = YES;
				CLANG_WARN_COMMA = YES;
				CLANG_WARN_CONSTANT_CONVERSION = YES;
				CLANG_WARN_DEPRECATED_OBJC_IMPLEMENTATIONS = YES;
				CLANG_WARN_DIRECT_OBJC_ISA_USAGE = YES_ERROR;
				CLANG_WARN_DOCUMENTATION_COMMENTS = YES;
				CLANG_WARN_EMPTY_BODY = YES;
				CLANG_WARN_ENUM_CONVERSION = YES;
				CLANG_WARN_INFINITE_RECURSION = YES;
				CLANG_WARN_INT_CONVERSION = YES;
				CLANG_WARN_NON_LITERAL_NULL_CONVERSION = YES;
				CLANG_WARN_OBJC_IMPLICIT_RETAIN_SELF = YES;
				CLANG_WARN_OBJC_LITERAL_CONVERSION = YES;
				CLANG_WARN_OBJC_ROOT_CLASS = YES_ERROR;
				CLANG_WARN_QUOTED_INCLUDE_IN_FRAMEWORK_HEADER = YES;
				CLANG_WARN_RANGE_LOOP_ANALYSIS = YES;
				CLANG_WARN_STRICT_PROTOTYPES = YES;
				CLANG_WARN_SUSPICIOUS_MOVE = YES;
				CLANG_WARN_UNGUARDED_AVAILABILITY = YES_AGGRESSIVE;
				CLANG_WARN_UNREACHABLE_CODE = YES;
				CLANG_WARN__DUPLICATE_METHOD_MATCH = YES;
				COPY_PHASE_STRIP = NO;
				DEBUG_INFORMATION_FORMAT = dwarf;
				ENABLE_STRICT_OBJC_MSGSEND = YES;
				ENABLE_TESTABILITY = YES;
				ENABLE_USER_SCRIPT_SANDBOXING = YES;
				GCC_C_LANGUAGE_STANDARD = gnu17;
				GCC_DYNAMIC_NO_PIC = NO;
				GCC_NO_COMMON_BLOCKS = YES;
				GCC_OPTIMIZATION_LEVEL = 0;
				GCC_PREPROCESSOR_DEFINITIONS = (
					"DEBUG=1",
					"$(inherited)",
				);
				GCC_WARN_64_TO_32_BIT_CONVERSION = YES;
				GCC_WARN_ABOUT_RETURN_TYPE = YES_ERROR;
				GCC_WARN_UNDECLARED_SELECTOR = YES;
				GCC_WARN_UNINITIALIZED_AUTOS = YES_AGGRESSIVE;
				GCC_WARN_UNUSED_FUNCTION = YES;
				GCC_WARN_UNUSED_VARIABLE = YES;
				IPHONEOS_DEPLOYMENT_TARGET = 18.2;
				LOCALIZATION_PREFERS_STRING_CATALOGS = YES;
				MTL_ENABLE_DEBUG_INFO = INCLUDE_SOURCE;
				MTL_FAST_MATH = YES;
				ONLY_ACTIVE_ARCH = YES;
				SDKROOT = iphoneos;
				SWIFT_ACTIVE_COMPILATION_CONDITIONS = "DEBUG $(inherited)";
				SWIFT_OPTIMIZATION_LEVEL = "-Onone";
			};
			name = Debug;
		};
		5DD55A2F2E3C543800B50015 /* Release */ = {
			isa = XCBuildConfiguration;
			buildSettings = {
				ALWAYS_SEARCH_USER_PATHS = NO;
				ASSETCATALOG_COMPILER_GENERATE_SWIFT_ASSET_SYMBOL_EXTENSIONS = YES;
				CLANG_ANALYZER_NONNULL = YES;
				CLANG_ANALYZER_NUMBER_OBJECT_CONVERSION = YES_AGGRESSIVE;
				CLANG_CXX_LANGUAGE_STANDARD = "gnu++20";
				CLANG_ENABLE_MODULES = YES;
				CLANG_ENABLE_OBJC_ARC = YES;
				CLANG_ENABLE_OBJC_WEAK = YES;
				CLANG_WARN_BLOCK_CAPTURE_AUTORELEASING = YES;
				CLANG_WARN_BOOL_CONVERSION = YES;
				CLANG_WARN_COMMA = YES;
				CLANG_WARN_CONSTANT_CONVERSION = YES;
				CLANG_WARN_DEPRECATED_OBJC_IMPLEMENTATIONS = YES;
				CLANG_WARN_DIRECT_OBJC_ISA_USAGE = YES_ERROR;
				CLANG_WARN_DOCUMENTATION_COMMENTS = YES;
				CLANG_WARN_EMPTY_BODY = YES;
				CLANG_WARN_ENUM_CONVERSION = YES;
				CLANG_WARN_INFINITE_RECURSION = YES;
				CLANG_WARN_INT_CONVERSION = YES;
				CLANG_WARN_NON_LITERAL_NULL_CONVERSION = YES;
				CLANG_WARN_OBJC_IMPLICIT_RETAIN_SELF = YES;
				CLANG_WARN_OBJC_LITERAL_CONVERSION = YES;
				CLANG_WARN_OBJC_ROOT_CLASS = YES_ERROR;
				CLANG_WARN_QUOTED_INCLUDE_IN_FRAMEWORK_HEADER = YES;
				CLANG_WARN_RANGE_LOOP_ANALYSIS = YES;
				CLANG_WARN_STRICT_PROTOTYPES = YES;
				CLANG_WARN_SUSPICIOUS_MOVE = YES;
				CLANG_WARN_UNGUARDED_AVAILABILITY = YES_AGGRESSIVE;
				CLANG_WARN_UNREACHABLE_CODE = YES;
				CLANG_WARN__DUPLICATE_METHOD_MATCH = YES;
				COPY_PHASE_STRIP = NO;
				DEBUG_INFORMATION_FORMAT = "dwarf-with-dsym";
				ENABLE_NS_ASSERTIONS = NO;
				ENABLE_STRICT_OBJC_MSGSEND = YES;
				ENABLE_USER_SCRIPT_SANDBOXING = YES;
				GCC_C_LANGUAGE_STANDARD = gnu17;
				GCC_NO_COMMON_BLOCKS = YES;
				GCC_WARN_64_TO_32_BIT_CONVERSION = YES;
				GCC_WARN_ABOUT_RETURN_TYPE = YES_ERROR;
				GCC_WARN_UNDECLARED_SELECTOR = YES;
				GCC_WARN_UNINITIALIZED_AUTOS = YES_AGGRESSIVE;
				GCC_WARN_UNUSED_FUNCTION = YES;
				GCC_WARN_UNUSED_VARIABLE = YES;
				IPHONEOS_DEPLOYMENT_TARGET = 18.2;
				LOCALIZATION_PREFERS_STRING_CATALOGS = YES;
				MTL_ENABLE_DEBUG_INFO = NO;
				MTL_FAST_MATH = YES;
				SDKROOT = iphoneos;
				SWIFT_COMPILATION_MODE = wholemodule;
				VALIDATE_PRODUCT = YES;
			};
			name = Release;
		};
		5DD55A312E3C543800B50015 /* Debug */ = {
			isa = XCBuildConfiguration;
			buildSettings = {
				ASSETCATALOG_COMPILER_APPICON_NAME = AppIcon;
				ASSETCATALOG_COMPILER_GLOBAL_ACCENT_COLOR_NAME = AccentColor;
				CODE_SIGN_STYLE = Automatic;
				CURRENT_PROJECT_VERSION = 1;
				DEVELOPMENT_ASSET_PATHS = "\"hsappsoccer/Preview Content\"";
				DEVELOPMENT_TEAM = 3NFZ2Z5CUQ;
				ENABLE_PREVIEWS = YES;
				GENERATE_INFOPLIST_FILE = YES;
				INFOPLIST_KEY_UIApplicationSceneManifest_Generation = YES;
				INFOPLIST_KEY_UIApplicationSupportsIndirectInputEvents = YES;
				INFOPLIST_KEY_UILaunchScreen_Generation = YES;
				INFOPLIST_KEY_UISupportedInterfaceOrientations_iPad = "UIInterfaceOrientationPortrait UIInterfaceOrientationPortraitUpsideDown UIInterfaceOrientationLandscapeLeft UIInterfaceOrientationLandscapeRight";
				INFOPLIST_KEY_UISupportedInterfaceOrientations_iPhone = "UIInterfaceOrientationPortrait UIInterfaceOrientationLandscapeLeft UIInterfaceOrientationLandscapeRight";
				LD_RUNPATH_SEARCH_PATHS = (
					"$(inherited)",
					"@executable_path/Frameworks",
				);
				MARKETING_VERSION = 1.0;
				PRODUCT_BUNDLE_IDENTIFIER = HS.hsappsoccer;
				PRODUCT_NAME = "$(TARGET_NAME)";
				SWIFT_EMIT_LOC_STRINGS = YES;
				SWIFT_VERSION = 5.0;
				TARGETED_DEVICE_FAMILY = "1,2";
			};
			name = Debug;
		};
		5DD55A322E3C543800B50015 /* Release */ = {
			isa = XCBuildConfiguration;
			buildSettings = {
				ASSETCATALOG_COMPILER_APPICON_NAME = AppIcon;
				ASSETCATALOG_COMPILER_GLOBAL_ACCENT_COLOR_NAME = AccentColor;
				CODE_SIGN_STYLE = Automatic;
				CURRENT_PROJECT_VERSION = 1;
				DEVELOPMENT_ASSET_PATHS = "\"hsappsoccer/Preview Content\"";
				DEVELOPMENT_TEAM = 3NFZ2Z5CUQ;
				ENABLE_PREVIEWS = YES;
				GENERATE_INFOPLIST_FILE = YES;
				INFOPLIST_KEY_UIApplicationSceneManifest_Generation = YES;
				INFOPLIST_KEY_UIApplicationSupportsIndirectInputEvents = YES;
				INFOPLIST_KEY_UILaunchScreen_Generation = YES;
				INFOPLIST_KEY_UISupportedInterfaceOrientations_iPad = "UIInterfaceOrientationPortrait UIInterfaceOrientationPortraitUpsideDown UIInterfaceOrientationLandscapeLeft UIInterfaceOrientationLandscapeRight";
				INFOPLIST_KEY_UISupportedInterfaceOrientations_iPhone = "UIInterfaceOrientationPortrait UIInterfaceOrientationLandscapeLeft UIInterfaceOrientationLandscapeRight";
				LD_RUNPATH_SEARCH_PATHS = (
					"$(inherited)",
					"@executable_path/Frameworks",
				);
				MARKETING_VERSION = 1.0;
				PRODUCT_BUNDLE_IDENTIFIER = HS.hsappsoccer;
				PRODUCT_NAME = "$(TARGET_NAME)";
				SWIFT_EMIT_LOC_STRINGS = YES;
				SWIFT_VERSION = 5.0;
				TARGETED_DEVICE_FAMILY = "1,2";
			};
			name = Release;
		};
		5DD55A342E3C543800B50015 /* Debug */ = {
			isa = XCBuildConfiguration;
			buildSettings = {
				BUNDLE_LOADER = "$(TEST_HOST)";
				CODE_SIGN_STYLE = Automatic;
				CURRENT_PROJECT_VERSION = 1;
				DEVELOPMENT_TEAM = 3NFZ2Z5CUQ;
				GENERATE_INFOPLIST_FILE = YES;
				IPHONEOS_DEPLOYMENT_TARGET = 18.2;
				MARKETING_VERSION = 1.0;
				PRODUCT_BUNDLE_IDENTIFIER = HS.hsappsoccerTests;
				PRODUCT_NAME = "$(TARGET_NAME)";
				SWIFT_EMIT_LOC_STRINGS = NO;
				SWIFT_VERSION = 5.0;
				TARGETED_DEVICE_FAMILY = "1,2";
				TEST_HOST = "$(BUILT_PRODUCTS_DIR)/hsappsoccer.app/$(BUNDLE_EXECUTABLE_FOLDER_PATH)/hsappsoccer";
			};
			name = Debug;
		};
		5DD55A352E3C543800B50015 /* Release */ = {
			isa = XCBuildConfiguration;
			buildSettings = {
				BUNDLE_LOADER = "$(TEST_HOST)";
				CODE_SIGN_STYLE = Automatic;
				CURRENT_PROJECT_VERSION = 1;
				DEVELOPMENT_TEAM = 3NFZ2Z5CUQ;
				GENERATE_INFOPLIST_FILE = YES;
				IPHONEOS_DEPLOYMENT_TARGET = 18.2;
				MARKETING_VERSION = 1.0;
				PRODUCT_BUNDLE_IDENTIFIER = HS.hsappsoccerTests;
				PRODUCT_NAME = "$(TARGET_NAME)";
				SWIFT_EMIT_LOC_STRINGS = NO;
				SWIFT_VERSION = 5.0;
				TARGETED_DEVICE_FAMILY = "1,2";
				TEST_HOST = "$(BUILT_PRODUCTS_DIR)/hsappsoccer.app/$(BUNDLE_EXECUTABLE_FOLDER_PATH)/hsappsoccer";
			};
			name = Release;
		};
		5DD55A372E3C543800B50015 /* Debug */ = {
			isa = XCBuildConfiguration;
			buildSettings = {
				CODE_SIGN_STYLE = Automatic;
				CURRENT_PROJECT_VERSION = 1;
				DEVELOPMENT_TEAM = 3NFZ2Z5CUQ;
				GENERATE_INFOPLIST_FILE = YES;
				MARKETING_VERSION = 1.0;
				PRODUCT_BUNDLE_IDENTIFIER = HS.hsappsoccerUITests;
				PRODUCT_NAME = "$(TARGET_NAME)";
				SWIFT_EMIT_LOC_STRINGS = NO;
				SWIFT_VERSION = 5.0;
				TARGETED_DEVICE_FAMILY = "1,2";
				TEST_TARGET_NAME = hsappsoccer;
			};
			name = Debug;
		};
		5DD55A382E3C543800B50015 /* Release */ = {
			isa = XCBuildConfiguration;
			buildSettings = {
				CODE_SIGN_STYLE = Automatic;
				CURRENT_PROJECT_VERSION = 1;
				DEVELOPMENT_TEAM = 3NFZ2Z5CUQ;
				GENERATE_INFOPLIST_FILE = YES;
				MARKETING_VERSION = 1.0;
				PRODUCT_BUNDLE_IDENTIFIER = HS.hsappsoccerUITests;
				PRODUCT_NAME = "$(TARGET_NAME)";
				SWIFT_EMIT_LOC_STRINGS = NO;
				SWIFT_VERSION = 5.0;
				TARGETED_DEVICE_FAMILY = "1,2";
				TEST_TARGET_NAME = hsappsoccer;
			};
			name = Release;
		};
/* End XCBuildConfiguration section */

/* Begin XCConfigurationList section */
		5DD55A052E3C543700B50015 /* Build configuration list for PBXProject "hsappsoccer" */ = {
			isa = XCConfigurationList;
			buildConfigurations = (
				5DD55A2E2E3C543800B50015 /* Debug */,
				5DD55A2F2E3C543800B50015 /* Release */,
			);
			defaultConfigurationIsVisible = 0;
			defaultConfigurationName = Release;
		};
		5DD55A302E3C543800B50015 /* Build configuration list for PBXNativeTarget "hsappsoccer" */ = {
			isa = XCConfigurationList;
			buildConfigurations = (
				5DD55A312E3C543800B50015 /* Debug */,
				5DD55A322E3C543800B50015 /* Release */,
			);
			defaultConfigurationIsVisible = 0;
			defaultConfigurationName = Release;
		};
		5DD55A332E3C543800B50015 /* Build configuration list for PBXNativeTarget "hsappsoccerTests" */ = {
			isa = XCConfigurationList;
			buildConfigurations = (
				5DD55A342E3C543800B50015 /* Debug */,
				5DD55A352E3C543800B50015 /* Release */,
			);
			defaultConfigurationIsVisible = 0;
			defaultConfigurationName = Release;
		};
		5DD55A362E3C543800B50015 /* Build configuration list for PBXNativeTarget "hsappsoccerUITests" */ = {
			isa = XCConfigurationList;
			buildConfigurations = (
				5DD55A372E3C543800B50015 /* Debug */,
				5DD55A382E3C543800B50015 /* Release */,
			);
			defaultConfigurationIsVisible = 0;
			defaultConfigurationName = Release;
		};
/* End XCConfigurationList section */
	};
	rootObject = 5DD55A022E3C543700B50015 /* Project object */;
}
